
Microsoft Visual Studio Solution File, Format Version 12.00
# Visual Studio Version 16
VisualStudioVersion = 16.0.30503.244
MinimumVisualStudioVersion = 10.0.40219.1
Project("{FAE04EC0-301F-11D3-BF4B-00C04F79EFBC}") = "HA", "HA\HA.csproj", "{EA26D01E-56C6-4ACE-A51B-E0283BD21372}"
EndProject
Global
	GlobalSection(SolutionConfigurationPlatforms) = preSolution
		Debug|Any CPU = Debug|Any CPU
		Release|Any CPU = Release|Any CPU
	EndGlobalSection
	GlobalSection(ProjectConfigurationPlatforms) = postSolution
		{EA26D01E-56C6-4ACE-A51B-E0283BD21372}.Debug|Any CPU.ActiveCfg = Debug|Any CPU
		{EA26D01E-56C6-4ACE-A51B-E0283BD21372}.Debug|Any CPU.Build.0 = Debug|Any CPU
		{EA26D01E-56C6-4ACE-A51B-E0283BD21372}.Debug|Any CPU.Deploy.0 = Debug|Any CPU
		{EA26D01E-56C6-4ACE-A51B-E0283BD21372}.Release|Any CPU.ActiveCfg = Release|Any CPU
		{EA26D01E-56C6-4ACE-A51B-E0283BD21372}.Release|Any CPU.Build.0 = Release|Any CPU
		{EA26D01E-56C6-4ACE-A51B-E0283BD21372}.Release|Any CPU.Deploy.0 = Release|Any CPU
	EndGlobalSection
	GlobalSection(SolutionProperties) = preSolution
		HideSolutionNode = FALSE
	EndGlobalSection
	GlobalSection(ExtensibilityGlobals) = postSolution
		SolutionGuid = {10CE1DB5-0895-4560-A4D2-992E8AABD33B}
	EndGlobalSection
EndGlobal
